<?xml version="1.0"?>
<Project ToolsVersion="4.0" xmlns="http://schemas.microsoft.com/developer/msbuild/2003">
	<ItemGroup>
		<ClCompile Include="src\ofApp.cpp">
			<Filter>src</Filter>
		</ClCompile>
		<ClCompile Include="src\main.cpp">
			<Filter>src</Filter>
		</ClCompile>
		<ClCompile Include="src\Dial.cpp">
			<Filter>src</Filter>
		</ClCompile>
		<ClCompile Include="src\main.cpp">
			<Filter>src</Filter>
		</ClCompile>
		<ClCompile Include="src\ofApp.cpp">
			<Filter>src</Filter>
		</ClCompile>
		<ClCompile Include="src\Slider.cpp">
			<Filter>src</Filter>
		</ClCompile>
		<ClCompile Include="src\Tracker.cpp">
			<Filter>src</Filter>
		</ClCompile>
		<ClCompile Include="..\..\..\Downloads\of_v0.11.2_vs2017_release\of_v0.11.2_vs2017_release\addons\ofxAudioUnit\src\CAPublicUtility\AUParamInfo.cpp">
			<Filter>addons\ofxAudioUnit\src\CAPublicUtility</Filter>
		</ClCompile>
		<ClCompile Include="..\..\..\Downloads\of_v0.11.2_vs2017_release\of_v0.11.2_vs2017_release\addons\ofxAudioUnit\src\CAPublicUtility\CAAUParameter.cpp">
			<Filter>addons\ofxAudioUnit\src\CAPublicUtility</Filter>
		</ClCompile>
		<ClCompile Include="..\..\..\Downloads\of_v0.11.2_vs2017_release\of_v0.11.2_vs2017_release\addons\ofxAudioUnit\src\CAPublicUtility\CADebugMacros.cpp">
			<Filter>addons\ofxAudioUnit\src\CAPublicUtility</Filter>
		</ClCompile>
		<ClCompile Include="..\..\..\Downloads\of_v0.11.2_vs2017_release\of_v0.11.2_vs2017_release\addons\ofxAudioUnit\src\ofxAudioUnit.cpp">
			<Filter>addons\ofxAudioUnit\src</Filter>
		</ClCompile>
		<ClCompile Include="..\..\..\Downloads\of_v0.11.2_vs2017_release\of_v0.11.2_vs2017_release\addons\ofxAudioUnit\src\ofxAudioUnitCocoaUtilties.mm">
			<Filter>addons\ofxAudioUnit\src</Filter>
		</ClCompile>
		<ClCompile Include="..\..\..\Downloads\of_v0.11.2_vs2017_release\of_v0.11.2_vs2017_release\addons\ofxAudioUnit\src\ofxAudioUnitDSPNode.cpp">
			<Filter>addons\ofxAudioUnit\src</Filter>
		</ClCompile>
		<ClCompile Include="..\..\..\Downloads\of_v0.11.2_vs2017_release\of_v0.11.2_vs2017_release\addons\ofxAudioUnit\src\ofxAudioUnitFftNode.cpp">
			<Filter>addons\ofxAudioUnit\src</Filter>
		</ClCompile>
		<ClCompile Include="..\..\..\Downloads\of_v0.11.2_vs2017_release\of_v0.11.2_vs2017_release\addons\ofxAudioUnit\src\ofxAudioUnitFilePlayer.cpp">
			<Filter>addons\ofxAudioUnit\src</Filter>
		</ClCompile>
		<ClCompile Include="..\..\..\Downloads\of_v0.11.2_vs2017_release\of_v0.11.2_vs2017_release\addons\ofxAudioUnit\src\ofxAudioUnitHardwareUtils.cpp">
			<Filter>addons\ofxAudioUnit\src</Filter>
		</ClCompile>
		<ClCompile Include="..\..\..\Downloads\of_v0.11.2_vs2017_release\of_v0.11.2_vs2017_release\addons\ofxAudioUnit\src\ofxAudioUnitInput.cpp">
			<Filter>addons\ofxAudioUnit\src</Filter>
		</ClCompile>
		<ClCompile Include="..\..\..\Downloads\of_v0.11.2_vs2017_release\of_v0.11.2_vs2017_release\addons\ofxAudioUnit\src\ofxAudioUnitMatrixMixer.cpp">
			<Filter>addons\ofxAudioUnit\src</Filter>
		</ClCompile>
		<ClCompile Include="..\..\..\Downloads\of_v0.11.2_vs2017_release\of_v0.11.2_vs2017_release\addons\ofxAudioUnit\src\ofxAudioUnitMidi.cpp">
			<Filter>addons\ofxAudioUnit\src</Filter>
		</ClCompile>
		<ClCompile Include="..\..\..\Downloads\of_v0.11.2_vs2017_release\of_v0.11.2_vs2017_release\addons\ofxAudioUnit\src\ofxAudioUnitMixer.cpp">
			<Filter>addons\ofxAudioUnit\src</Filter>
		</ClCompile>
		<ClCompile Include="..\..\..\Downloads\of_v0.11.2_vs2017_release\of_v0.11.2_vs2017_release\addons\ofxAudioUnit\src\ofxAudioUnitNetReceive.cpp">
			<Filter>addons\ofxAudioUnit\src</Filter>
		</ClCompile>
		<ClCompile Include="..\..\..\Downloads\of_v0.11.2_vs2017_release\of_v0.11.2_vs2017_release\addons\ofxAudioUnit\src\ofxAudioUnitNetSend.cpp">
			<Filter>addons\ofxAudioUnit\src</Filter>
		</ClCompile>
		<ClCompile Include="..\..\..\Downloads\of_v0.11.2_vs2017_release\of_v0.11.2_vs2017_release\addons\ofxAudioUnit\src\ofxAudioUnitOutput.cpp">
			<Filter>addons\ofxAudioUnit\src</Filter>
		</ClCompile>
		<ClCompile Include="..\..\..\Downloads\of_v0.11.2_vs2017_release\of_v0.11.2_vs2017_release\addons\ofxAudioUnit\src\ofxAudioUnitRecorder.cpp">
			<Filter>addons\ofxAudioUnit\src</Filter>
		</ClCompile>
		<ClCompile Include="..\..\..\Downloads\of_v0.11.2_vs2017_release\of_v0.11.2_vs2017_release\addons\ofxAudioUnit\src\ofxAudioUnitSampler.cpp">
			<Filter>addons\ofxAudioUnit\src</Filter>
		</ClCompile>
		<ClCompile Include="..\..\..\Downloads\of_v0.11.2_vs2017_release\of_v0.11.2_vs2017_release\addons\ofxAudioUnit\src\ofxAudioUnitSpeechSynth.cpp">
			<Filter>addons\ofxAudioUnit\src</Filter>
		</ClCompile>
		<ClCompile Include="..\..\..\Downloads\of_v0.11.2_vs2017_release\of_v0.11.2_vs2017_release\addons\ofxAudioUnit\src\ofxAudioUnitTap.cpp">
			<Filter>addons\ofxAudioUnit\src</Filter>
		</ClCompile>
		<ClCompile Include="..\..\..\Downloads\of_v0.11.2_vs2017_release\of_v0.11.2_vs2017_release\addons\ofxAudioUnit\src\TPCircularBuffer\TPCircularBuffer.c">
			<Filter>addons\ofxAudioUnit\src\TPCircularBuffer</Filter>
		</ClCompile>
		<ClCompile Include="..\..\..\Downloads\of_v0.11.2_vs2017_release\of_v0.11.2_vs2017_release\addons\ofxMotive\src\ofxMotive.cpp">
			<Filter>addons\ofxMotive\src</Filter>
		</ClCompile>
		<ClCompile Include="..\..\..\Downloads\of_v0.11.2_vs2017_release\of_v0.11.2_vs2017_release\addons\ofxMotive\src\ofxMotiveCamera.cpp">
			<Filter>addons\ofxMotive\src</Filter>
		</ClCompile>
		<ClCompile Include="..\..\..\Downloads\of_v0.11.2_vs2017_release\of_v0.11.2_vs2017_release\addons\ofxMotive\src\ofxMotiveCameraSet.cpp">
			<Filter>addons\ofxMotive\src</Filter>
		</ClCompile>
		<ClCompile Include="..\..\..\Downloads\of_v0.11.2_vs2017_release\of_v0.11.2_vs2017_release\addons\ofxMotive\src\ofxMotiveCameraSettings.cpp">
			<Filter>addons\ofxMotive\src</Filter>
		</ClCompile>
		<ClCompile Include="..\..\..\Downloads\of_v0.11.2_vs2017_release\of_v0.11.2_vs2017_release\addons\ofxMotive\src\ofxMotiveMarker.cpp">
			<Filter>addons\ofxMotive\src</Filter>
		</ClCompile>
		<ClCompile Include="..\..\..\Downloads\of_v0.11.2_vs2017_release\of_v0.11.2_vs2017_release\addons\ofxMotive\src\ofxMotiveReconstruction.cpp">
			<Filter>addons\ofxMotive\src</Filter>
		</ClCompile>
		<ClCompile Include="..\..\..\Downloads\of_v0.11.2_vs2017_release\of_v0.11.2_vs2017_release\addons\ofxMotive\src\ofxMotiveStatus.cpp">
			<Filter>addons\ofxMotive\src</Filter>
		</ClCompile>
		<ClCompile Include="..\..\..\Downloads\of_v0.11.2_vs2017_release\of_v0.11.2_vs2017_release\addons\ofxXmlSettings\src\ofxXmlSettings.cpp">
			<Filter>addons\ofxXmlSettings\src</Filter>
		</ClCompile>
		<ClCompile Include="..\..\..\Downloads\of_v0.11.2_vs2017_release\of_v0.11.2_vs2017_release\addons\ofxXmlSettings\libs\tinyxml.cpp">
			<Filter>addons\ofxXmlSettings\libs</Filter>
		</ClCompile>
		<ClCompile Include="..\..\..\Downloads\of_v0.11.2_vs2017_release\of_v0.11.2_vs2017_release\addons\ofxXmlSettings\libs\tinyxmlerror.cpp">
			<Filter>addons\ofxXmlSettings\libs</Filter>
		</ClCompile>
		<ClCompile Include="..\..\..\Downloads\of_v0.11.2_vs2017_release\of_v0.11.2_vs2017_release\addons\ofxXmlSettings\libs\tinyxmlparser.cpp">
			<Filter>addons\ofxXmlSettings\libs</Filter>
		</ClCompile>
	</ItemGroup>
	<ItemGroup>
		<Filter Include="src">
			<UniqueIdentifier>{d8376475-7454-4a24-b08a-aac121d3ad6f}</UniqueIdentifier>
		</Filter>
		<Filter Include="addons">
			<UniqueIdentifier>{71834F65-F3A9-211E-73B8-DC85}</UniqueIdentifier>
		</Filter>
		<Filter Include="addons\ofxAudioUnit">
			<UniqueIdentifier>{E80B641A-66E9-90CA-65D4-8B7C}</UniqueIdentifier>
		</Filter>
		<Filter Include="addons\ofxAudioUnit\src">
			<UniqueIdentifier>{F6004D8C-38E4-EBF5-4532-8F90}</UniqueIdentifier>
		</Filter>
		<Filter Include="addons\ofxAudioUnit\src\CAPublicUtility">
			<UniqueIdentifier>{438859AB-2AF2-B0A7-4E41-4F42}</UniqueIdentifier>
		</Filter>
		<Filter Include="addons\ofxAudioUnit\src\TPCircularBuffer">
			<UniqueIdentifier>{91A0BD6C-7008-26E6-DC73-C825}</UniqueIdentifier>
		</Filter>
		<Filter Include="addons\ofxMotive">
			<UniqueIdentifier>{B2CE7903-B005-E2F0-1794-74AF}</UniqueIdentifier>
		</Filter>
		<Filter Include="addons\ofxMotive\src">
			<UniqueIdentifier>{CD35FC90-56D7-5272-EF7F-12E4}</UniqueIdentifier>
		</Filter>
		<Filter Include="addons\ofxXmlSettings">
			<UniqueIdentifier>{877F005D-13E6-0592-1D97-F2E3}</UniqueIdentifier>
		</Filter>
		<Filter Include="addons\ofxXmlSettings\src">
			<UniqueIdentifier>{CCB2AC63-49D2-977C-CFE8-AEAD}</UniqueIdentifier>
		</Filter>
		<Filter Include="addons\ofxXmlSettings\libs">
			<UniqueIdentifier>{687714A8-1662-FA1C-261F-50F0}</UniqueIdentifier>
		</Filter>
	</ItemGroup>
	<ItemGroup>
		<ClInclude Include="src\ofApp.h">
			<Filter>src</Filter>
		</ClInclude>
		<ClInclude Include="src\Dial.hpp">
			<Filter>src</Filter>
		</ClInclude>
		<ClInclude Include="src\ofApp.h">
			<Filter>src</Filter>
		</ClInclude>
		<ClInclude Include="src\Slider.hpp">
			<Filter>src</Filter>
		</ClInclude>
		<ClInclude Include="src\Tracker.hpp">
			<Filter>src</Filter>
		</ClInclude>
		<ClInclude Include="..\..\..\Downloads\of_v0.11.2_vs2017_release\of_v0.11.2_vs2017_release\addons\ofxAudioUnit\src\CAPublicUtility\AUParamInfo.h">
			<Filter>addons\ofxAudioUnit\src\CAPublicUtility</Filter>
		</ClInclude>
		<ClInclude Include="..\..\..\Downloads\of_v0.11.2_vs2017_release\of_v0.11.2_vs2017_release\addons\ofxAudioUnit\src\CAPublicUtility\CAAUParameter.h">
			<Filter>addons\ofxAudioUnit\src\CAPublicUtility</Filter>
		</ClInclude>
		<ClInclude Include="..\..\..\Downloads\of_v0.11.2_vs2017_release\of_v0.11.2_vs2017_release\addons\ofxAudioUnit\src\CAPublicUtility\CADebugMacros.h">
			<Filter>addons\ofxAudioUnit\src\CAPublicUtility</Filter>
		</ClInclude>
		<ClInclude Include="..\..\..\Downloads\of_v0.11.2_vs2017_release\of_v0.11.2_vs2017_release\addons\ofxAudioUnit\src\CAPublicUtility\CAXException.h">
			<Filter>addons\ofxAudioUnit\src\CAPublicUtility</Filter>
		</ClInclude>
		<ClInclude Include="..\..\..\Downloads\of_v0.11.2_vs2017_release\of_v0.11.2_vs2017_release\addons\ofxAudioUnit\src\ofxAudioUnit.h">
			<Filter>addons\ofxAudioUnit\src</Filter>
		</ClInclude>
		<ClInclude Include="..\..\..\Downloads\of_v0.11.2_vs2017_release\of_v0.11.2_vs2017_release\addons\ofxAudioUnit\src\ofxAudioUnitBase.h">
			<Filter>addons\ofxAudioUnit\src</Filter>
		</ClInclude>
		<ClInclude Include="..\..\..\Downloads\of_v0.11.2_vs2017_release\of_v0.11.2_vs2017_release\addons\ofxAudioUnit\src\ofxAudioUnitDSPNode.h">
			<Filter>addons\ofxAudioUnit\src</Filter>
		</ClInclude>
		<ClInclude Include="..\..\..\Downloads\of_v0.11.2_vs2017_release\of_v0.11.2_vs2017_release\addons\ofxAudioUnit\src\ofxAudioUnitFftNode.h">
			<Filter>addons\ofxAudioUnit\src</Filter>
		</ClInclude>
		<ClInclude Include="..\..\..\Downloads\of_v0.11.2_vs2017_release\of_v0.11.2_vs2017_release\addons\ofxAudioUnit\src\ofxAudioUnitFilePlayer.h">
			<Filter>addons\ofxAudioUnit\src</Filter>
		</ClInclude>
		<ClInclude Include="..\..\..\Downloads\of_v0.11.2_vs2017_release\of_v0.11.2_vs2017_release\addons\ofxAudioUnit\src\ofxAudioUnitHardwareUtils.h">
			<Filter>addons\ofxAudioUnit\src</Filter>
		</ClInclude>
		<ClInclude Include="..\..\..\Downloads\of_v0.11.2_vs2017_release\of_v0.11.2_vs2017_release\addons\ofxAudioUnit\src\ofxAudioUnitInput.h">
			<Filter>addons\ofxAudioUnit\src</Filter>
		</ClInclude>
		<ClInclude Include="..\..\..\Downloads\of_v0.11.2_vs2017_release\of_v0.11.2_vs2017_release\addons\ofxAudioUnit\src\ofxAudioUnitMatrixMixer.h">
			<Filter>addons\ofxAudioUnit\src</Filter>
		</ClInclude>
		<ClInclude Include="..\..\..\Downloads\of_v0.11.2_vs2017_release\of_v0.11.2_vs2017_release\addons\ofxAudioUnit\src\ofxAudioUnitMidi.h">
			<Filter>addons\ofxAudioUnit\src</Filter>
		</ClInclude>
		<ClInclude Include="..\..\..\Downloads\of_v0.11.2_vs2017_release\of_v0.11.2_vs2017_release\addons\ofxAudioUnit\src\ofxAudioUnitMixer.h">
			<Filter>addons\ofxAudioUnit\src</Filter>
		</ClInclude>
		<ClInclude Include="..\..\..\Downloads\of_v0.11.2_vs2017_release\of_v0.11.2_vs2017_release\addons\ofxAudioUnit\src\ofxAudioUnitNetReceive.h">
			<Filter>addons\ofxAudioUnit\src</Filter>
		</ClInclude>
		<ClInclude Include="..\..\..\Downloads\of_v0.11.2_vs2017_release\of_v0.11.2_vs2017_release\addons\ofxAudioUnit\src\ofxAudioUnitNetSend.h">
			<Filter>addons\ofxAudioUnit\src</Filter>
		</ClInclude>
		<ClInclude Include="..\..\..\Downloads\of_v0.11.2_vs2017_release\of_v0.11.2_vs2017_release\addons\ofxAudioUnit\src\ofxAudioUnitOutput.h">
			<Filter>addons\ofxAudioUnit\src</Filter>
		</ClInclude>
		<ClInclude Include="..\..\..\Downloads\of_v0.11.2_vs2017_release\of_v0.11.2_vs2017_release\addons\ofxAudioUnit\src\ofxAudioUnitRecorder.h">
			<Filter>addons\ofxAudioUnit\src</Filter>
		</ClInclude>
		<ClInclude Include="..\..\..\Downloads\of_v0.11.2_vs2017_release\of_v0.11.2_vs2017_release\addons\ofxAudioUnit\src\ofxAudioUnitSampler.h">
			<Filter>addons\ofxAudioUnit\src</Filter>
		</ClInclude>
		<ClInclude Include="..\..\..\Downloads\of_v0.11.2_vs2017_release\of_v0.11.2_vs2017_release\addons\ofxAudioUnit\src\ofxAudioUnitSpeechSynth.h">
			<Filter>addons\ofxAudioUnit\src</Filter>
		</ClInclude>
		<ClInclude Include="..\..\..\Downloads\of_v0.11.2_vs2017_release\of_v0.11.2_vs2017_release\addons\ofxAudioUnit\src\ofxAudioUnitTap.h">
			<Filter>addons\ofxAudioUnit\src</Filter>
		</ClInclude>
		<ClInclude Include="..\..\..\Downloads\of_v0.11.2_vs2017_release\of_v0.11.2_vs2017_release\addons\ofxAudioUnit\src\ofxAudioUnitUtils.h">
			<Filter>addons\ofxAudioUnit\src</Filter>
		</ClInclude>
		<ClInclude Include="..\..\..\Downloads\of_v0.11.2_vs2017_release\of_v0.11.2_vs2017_release\addons\ofxAudioUnit\src\TPCircularBuffer\TPCircularBuffer.h">
			<Filter>addons\ofxAudioUnit\src\TPCircularBuffer</Filter>
		</ClInclude>
		<ClInclude Include="..\..\..\Downloads\of_v0.11.2_vs2017_release\of_v0.11.2_vs2017_release\addons\ofxMotive\src\ofxMotive.h">
			<Filter>addons\ofxMotive\src</Filter>
		</ClInclude>
		<ClInclude Include="..\..\..\Downloads\of_v0.11.2_vs2017_release\of_v0.11.2_vs2017_release\addons\ofxMotive\src\ofxMotiveCamera.h">
			<Filter>addons\ofxMotive\src</Filter>
		</ClInclude>
		<ClInclude Include="..\..\..\Downloads\of_v0.11.2_vs2017_release\of_v0.11.2_vs2017_release\addons\ofxMotive\src\ofxMotiveCameraSet.h">
			<Filter>addons\ofxMotive\src</Filter>
		</ClInclude>
		<ClInclude Include="..\..\..\Downloads\of_v0.11.2_vs2017_release\of_v0.11.2_vs2017_release\addons\ofxMotive\src\ofxMotiveCameraSettings.h">
			<Filter>addons\ofxMotive\src</Filter>
		</ClInclude>
		<ClInclude Include="..\..\..\Downloads\of_v0.11.2_vs2017_release\of_v0.11.2_vs2017_release\addons\ofxMotive\src\ofxMotiveMarker.h">
			<Filter>addons\ofxMotive\src</Filter>
		</ClInclude>
		<ClInclude Include="..\..\..\Downloads\of_v0.11.2_vs2017_release\of_v0.11.2_vs2017_release\addons\ofxMotive\src\ofxMotiveReconstruction.h">
			<Filter>addons\ofxMotive\src</Filter>
		</ClInclude>
		<ClInclude Include="..\..\..\Downloads\of_v0.11.2_vs2017_release\of_v0.11.2_vs2017_release\addons\ofxMotive\src\ofxMotiveStatus.h">
			<Filter>addons\ofxMotive\src</Filter>
		</ClInclude>
		<ClInclude Include="..\..\..\Downloads\of_v0.11.2_vs2017_release\of_v0.11.2_vs2017_release\addons\ofxXmlSettings\src\ofxXmlSettings.h">
			<Filter>addons\ofxXmlSettings\src</Filter>
		</ClInclude>
		<ClInclude Include="..\..\..\Downloads\of_v0.11.2_vs2017_release\of_v0.11.2_vs2017_release\addons\ofxXmlSettings\libs\tinyxml.h">
			<Filter>addons\ofxXmlSettings\libs</Filter>
		</ClInclude>
	</ItemGroup>
	<ItemGroup>
		<ResourceCompile Include="icon.rc" />
	</ItemGroup>
</Project>
